
Microsoft Visual Studio Solution File, Format Version 12.00
# Visual Studio Version 17
VisualStudioVersion = 17.0.31903.59
MinimumVisualStudioVersion = 10.0.40219.1
Project("{2150E333-8FDC-42A3-9474-1A3956D46DE8}") = "src", "src", "{827E0CD3-B72D-47B6-A68D-7590B98EB39B}"
EndProject
Project("{2150E333-8FDC-42A3-9474-1A3956D46DE8}") = "1_Domain", "1_Domain", "{52AA0E79-E700-3DC3-7E41-F5684B6B7A9A}"
EndProject
Project("{FAE04EC0-301F-11D3-BF4B-00C04F79EFBC}") = "EduHR.Domain", "src\1_Domain\EduHR.Domain\EduHR.Domain.csproj", "{8F89F173-C68D-49C5-8D67-48D8E6A40316}"
EndProject
Project("{2150E333-8FDC-42A3-9474-1A3956D46DE8}") = "2_Application", "2_Application", "{1CB3A94B-F952-9F47-5097-E203AF4D655C}"
EndProject
Project("{FAE04EC0-301F-11D3-BF4B-00C04F79EFBC}") = "EduHR.Application", "src\2_Application\EduHR.Application\EduHR.Application.csproj", "{F35E907D-883A-4786-8076-4CE8E6F05A37}"
EndProject
Project("{2150E333-8FDC-42A3-9474-1A3956D46DE8}") = "5_Common", "5_Common", "{07B75A99-B4DF-A8B7-611E-D470368AE524}"
EndProject
Project("{FAE04EC0-301F-11D3-BF4B-00C04F79EFBC}") = "EduHR.Common", "src\5_Common\EduHR.Common\EduHR.Common.csproj", "{E1427D5D-6AA1-442E-9BCA-72B0F44AF893}"
EndProject
Project("{2150E333-8FDC-42A3-9474-1A3956D46DE8}") = "3_Infrastructure", "3_Infrastructure", "{C097066B-E62D-7EF7-9775-5207E01FEFF3}"
EndProject
Project("{FAE04EC0-301F-11D3-BF4B-00C04F79EFBC}") = "EduHR.Infrastructure", "src\3_Infrastructure\EduHR.Infrastructure\EduHR.Infrastructure.csproj", "{49BA200F-4FD8-4D63-8D15-2766DE7E2192}"
EndProject
Project("{FAE04EC0-301F-11D3-BF4B-00C04F79EFBC}") = "EduHR.Localization", "src\3_Infrastructure\EduHR.Localization\EduHR.Localization.csproj", "{B9153FEF-44D4-4286-A52F-18653CF63F70}"
EndProject
Project("{2150E333-8FDC-42A3-9474-1A3956D46DE8}") = "4_Presentation", "4_Presentation", "{4D998734-F6C2-01F4-69F7-32BAA7EB4DBF}"
EndProject
Project("{FAE04EC0-301F-11D3-BF4B-00C04F79EFBC}") = "EduHR.Api", "src\4_Presentation\EduHR.Api\EduHR.Api.csproj", "{34E41F22-ECA0-4C7A-9E62-73D6A6778B4B}"
EndProject
Project("{FAE04EC0-301F-11D3-BF4B-00C04F79EFBC}") = "EduHR.WebApp", "src\4_Presentation\EduHR.WebApp\EduHR.WebApp.csproj", "{41211A65-0684-4FB0-B5DD-27C680456426}"
EndProject
Project("{2150E333-8FDC-42A3-9474-1A3956D46DE8}") = "tests", "tests", "{0AB3BF05-4346-4AA6-1389-037BE0695223}"
EndProject
Project("{FAE04EC0-301F-11D3-BF4B-00C04F79EFBC}") = "EduHR.Domain.UnitTests", "tests\EduHR.Domain.UnitTests\EduHR.Domain.UnitTests.csproj", "{976F95DA-D212-4FE9-85A2-EAE7EA1088DD}"
EndProject
Project("{FAE04EC0-301F-11D3-BF4B-00C04F79EFBC}") = "EduHR.Application.UnitTests", "tests\EduHR.Application.UnitTests\EduHR.Application.UnitTests.csproj", "{B17513AA-F769-454E-8AF5-C686A75B6A0A}"
EndProject
Project("{FAE04EC0-301F-11D3-BF4B-00C04F79EFBC}") = "EduHR.Api.IntegrationTests", "tests\EduHR.Api.IntegrationTests\EduHR.Api.IntegrationTests.csproj", "{FD7F3569-CD8D-4531-8C2E-18B2FEA67659}"
EndProject
Global
	GlobalSection(SolutionConfigurationPlatforms) = preSolution
		Debug|Any CPU = Debug|Any CPU
		Debug|x64 = Debug|x64
		Debug|x86 = Debug|x86
		Release|Any CPU = Release|Any CPU
		Release|x64 = Release|x64
		Release|x86 = Release|x86
	EndGlobalSection
	GlobalSection(ProjectConfigurationPlatforms) = postSolution
		{8F89F173-C68D-49C5-8D67-48D8E6A40316}.Debug|Any CPU.ActiveCfg = Debug|Any CPU
		{8F89F173-C68D-49C5-8D67-48D8E6A40316}.Debug|Any CPU.Build.0 = Debug|Any CPU
		{8F89F173-C68D-49C5-8D67-48D8E6A40316}.Debug|x64.ActiveCfg = Debug|Any CPU
		{8F89F173-C68D-49C5-8D67-48D8E6A40316}.Debug|x64.Build.0 = Debug|Any CPU
		{8F89F173-C68D-49C5-8D67-48D8E6A40316}.Debug|x86.ActiveCfg = Debug|Any CPU
		{8F89F173-C68D-49C5-8D67-48D8E6A40316}.Debug|x86.Build.0 = Debug|Any CPU
		{8F89F173-C68D-49C5-8D67-48D8E6A40316}.Release|Any CPU.ActiveCfg = Release|Any CPU
		{8F89F173-C68D-49C5-8D67-48D8E6A40316}.Release|Any CPU.Build.0 = Release|Any CPU
		{8F89F173-C68D-49C5-8D67-48D8E6A40316}.Release|x64.ActiveCfg = Release|Any CPU
		{8F89F173-C68D-49C5-8D67-48D8E6A40316}.Release|x64.Build.0 = Release|Any CPU
		{8F89F173-C68D-49C5-8D67-48D8E6A40316}.Release|x86.ActiveCfg = Release|Any CPU
		{8F89F173-C68D-49C5-8D67-48D8E6A40316}.Release|x86.Build.0 = Release|Any CPU
		{F35E907D-883A-4786-8076-4CE8E6F05A37}.Debug|Any CPU.ActiveCfg = Debug|Any CPU
		{F35E907D-883A-4786-8076-4CE8E6F05A37}.Debug|Any CPU.Build.0 = Debug|Any CPU
		{F35E907D-883A-4786-8076-4CE8E6F05A37}.Debug|x64.ActiveCfg = Debug|Any CPU
		{F35E907D-883A-4786-8076-4CE8E6F05A37}.Debug|x64.Build.0 = Debug|Any CPU
		{F35E907D-883A-4786-8076-4CE8E6F05A37}.Debug|x86.ActiveCfg = Debug|Any CPU
		{F35E907D-883A-4786-8076-4CE8E6F05A37}.Debug|x86.Build.0 = Debug|Any CPU
		{F35E907D-883A-4786-8076-4CE8E6F05A37}.Release|Any CPU.ActiveCfg = Release|Any CPU
		{F35E907D-883A-4786-8076-4CE8E6F05A37}.Release|Any CPU.Build.0 = Release|Any CPU
		{F35E907D-883A-4786-8076-4CE8E6F05A37}.Release|x64.ActiveCfg = Release|Any CPU
		{F35E907D-883A-4786-8076-4CE8E6F05A37}.Release|x64.Build.0 = Release|Any CPU
		{F35E907D-883A-4786-8076-4CE8E6F05A37}.Release|x86.ActiveCfg = Release|Any CPU
		{F35E907D-883A-4786-8076-4CE8E6F05A37}.Release|x86.Build.0 = Release|Any CPU
		{E1427D5D-6AA1-442E-9BCA-72B0F44AF893}.Debug|Any CPU.ActiveCfg = Debug|Any CPU
		{E1427D5D-6AA1-442E-9BCA-72B0F44AF893}.Debug|Any CPU.Build.0 = Debug|Any CPU
		{E1427D5D-6AA1-442E-9BCA-72B0F44AF893}.Debug|x64.ActiveCfg = Debug|Any CPU
		{E1427D5D-6AA1-442E-9BCA-72B0F44AF893}.Debug|x64.Build.0 = Debug|Any CPU
		{E1427D5D-6AA1-442E-9BCA-72B0F44AF893}.Debug|x86.ActiveCfg = Debug|Any CPU
		{E1427D5D-6AA1-442E-9BCA-72B0F44AF893}.Debug|x86.Build.0 = Debug|Any CPU
		{E1427D5D-6AA1-442E-9BCA-72B0F44AF893}.Release|Any CPU.ActiveCfg = Release|Any CPU
		{E1427D5D-6AA1-442E-9BCA-72B0F44AF893}.Release|Any CPU.Build.0 = Release|Any CPU
		{E1427D5D-6AA1-442E-9BCA-72B0F44AF893}.Release|x64.ActiveCfg = Release|Any CPU
		{E1427D5D-6AA1-442E-9BCA-72B0F44AF893}.Release|x64.Build.0 = Release|Any CPU
		{E1427D5D-6AA1-442E-9BCA-72B0F44AF893}.Release|x86.ActiveCfg = Release|Any CPU
		{E1427D5D-6AA1-442E-9BCA-72B0F44AF893}.Release|x86.Build.0 = Release|Any CPU
		{49BA200F-4FD8-4D63-8D15-2766DE7E2192}.Debug|Any CPU.ActiveCfg = Debug|Any CPU
		{49BA200F-4FD8-4D63-8D15-2766DE7E2192}.Debug|Any CPU.Build.0 = Debug|Any CPU
		{49BA200F-4FD8-4D63-8D15-2766DE7E2192}.Debug|x64.ActiveCfg = Debug|Any CPU
		{49BA200F-4FD8-4D63-8D15-2766DE7E2192}.Debug|x64.Build.0 = Debug|Any CPU
		{49BA200F-4FD8-4D63-8D15-2766DE7E2192}.Debug|x86.ActiveCfg = Debug|Any CPU
		{49BA200F-4FD8-4D63-8D15-2766DE7E2192}.Debug|x86.Build.0 = Debug|Any CPU
		{49BA200F-4FD8-4D63-8D15-2766DE7E2192}.Release|Any CPU.ActiveCfg = Release|Any CPU
		{49BA200F-4FD8-4D63-8D15-2766DE7E2192}.Release|Any CPU.Build.0 = Release|Any CPU
		{49BA200F-4FD8-4D63-8D15-2766DE7E2192}.Release|x64.ActiveCfg = Release|Any CPU
		{49BA200F-4FD8-4D63-8D15-2766DE7E2192}.Release|x64.Build.0 = Release|Any CPU
		{49BA200F-4FD8-4D63-8D15-2766DE7E2192}.Release|x86.ActiveCfg = Release|Any CPU
		{49BA200F-4FD8-4D63-8D15-2766DE7E2192}.Release|x86.Build.0 = Release|Any CPU
		{B9153FEF-44D4-4286-A52F-18653CF63F70}.Debug|Any CPU.ActiveCfg = Debug|Any CPU
		{B9153FEF-44D4-4286-A52F-18653CF63F70}.Debug|Any CPU.Build.0 = Debug|Any CPU
		{B9153FEF-44D4-4286-A52F-18653CF63F70}.Debug|x64.ActiveCfg = Debug|Any CPU
		{B9153FEF-44D4-4286-A52F-18653CF63F70}.Debug|x64.Build.0 = Debug|Any CPU
		{B9153FEF-44D4-4286-A52F-18653CF63F70}.Debug|x86.ActiveCfg = Debug|Any CPU
		{B9153FEF-44D4-4286-A52F-18653CF63F70}.Debug|x86.Build.0 = Debug|Any CPU
		{B9153FEF-44D4-4286-A52F-18653CF63F70}.Release|Any CPU.ActiveCfg = Release|Any CPU
		{B9153FEF-44D4-4286-A52F-18653CF63F70}.Release|Any CPU.Build.0 = Release|Any CPU
		{B9153FEF-44D4-4286-A52F-18653CF63F70}.Release|x64.ActiveCfg = Release|Any CPU
		{B9153FEF-44D4-4286-A52F-18653CF63F70}.Release|x64.Build.0 = Release|Any CPU
		{B9153FEF-44D4-4286-A52F-18653CF63F70}.Release|x86.ActiveCfg = Release|Any CPU
		{B9153FEF-44D4-4286-A52F-18653CF63F70}.Release|x86.Build.0 = Release|Any CPU
		{34E41F22-ECA0-4C7A-9E62-73D6A6778B4B}.Debug|Any CPU.ActiveCfg = Debug|Any CPU
		{34E41F22-ECA0-4C7A-9E62-73D6A6778B4B}.Debug|Any CPU.Build.0 = Debug|Any CPU
		{34E41F22-ECA0-4C7A-9E62-73D6A6778B4B}.Debug|x64.ActiveCfg = Debug|Any CPU
		{34E41F22-ECA0-4C7A-9E62-73D6A6778B4B}.Debug|x64.Build.0 = Debug|Any CPU
		{34E41F22-ECA0-4C7A-9E62-73D6A6778B4B}.Debug|x86.ActiveCfg = Debug|Any CPU
		{34E41F22-ECA0-4C7A-9E62-73D6A6778B4B}.Debug|x86.Build.0 = Debug|Any CPU
		{34E41F22-ECA0-4C7A-9E62-73D6A6778B4B}.Release|Any CPU.ActiveCfg = Release|Any CPU
		{34E41F22-ECA0-4C7A-9E62-73D6A6778B4B}.Release|Any CPU.Build.0 = Release|Any CPU
		{34E41F22-ECA0-4C7A-9E62-73D6A6778B4B}.Release|x64.ActiveCfg = Release|Any CPU
		{34E41F22-ECA0-4C7A-9E62-73D6A6778B4B}.Release|x64.Build.0 = Release|Any CPU
		{34E41F22-ECA0-4C7A-9E62-73D6A6778B4B}.Release|x86.ActiveCfg = Release|Any CPU
		{34E41F22-ECA0-4C7A-9E62-73D6A6778B4B}.Release|x86.Build.0 = Release|Any CPU
		{41211A65-0684-4FB0-B5DD-27C680456426}.Debug|Any CPU.ActiveCfg = Debug|Any CPU
		{41211A65-0684-4FB0-B5DD-27C680456426}.Debug|Any CPU.Build.0 = Debug|Any CPU
		{41211A65-0684-4FB0-B5DD-27C680456426}.Debug|x64.ActiveCfg = Debug|Any CPU
		{41211A65-0684-4FB0-B5DD-27C680456426}.Debug|x64.Build.0 = Debug|Any CPU
		{41211A65-0684-4FB0-B5DD-27C680456426}.Debug|x86.ActiveCfg = Debug|Any CPU
		{41211A65-0684-4FB0-B5DD-27C680456426}.Debug|x86.Build.0 = Debug|Any CPU
		{41211A65-0684-4FB0-B5DD-27C680456426}.Release|Any CPU.ActiveCfg = Release|Any CPU
		{41211A65-0684-4FB0-B5DD-27C680456426}.Release|Any CPU.Build.0 = Release|Any CPU
		{41211A65-0684-4FB0-B5DD-27C680456426}.Release|x64.ActiveCfg = Release|Any CPU
		{41211A65-0684-4FB0-B5DD-27C680456426}.Release|x64.Build.0 = Release|Any CPU
		{41211A65-0684-4FB0-B5DD-27C680456426}.Release|x86.ActiveCfg = Release|Any CPU
		{41211A65-0684-4FB0-B5DD-27C680456426}.Release|x86.Build.0 = Release|Any CPU
		{976F95DA-D212-4FE9-85A2-EAE7EA1088DD}.Debug|Any CPU.ActiveCfg = Debug|Any CPU
		{976F95DA-D212-4FE9-85A2-EAE7EA1088DD}.Debug|Any CPU.Build.0 = Debug|Any CPU
		{976F95DA-D212-4FE9-85A2-EAE7EA1088DD}.Debug|x64.ActiveCfg = Debug|Any CPU
		{976F95DA-D212-4FE9-85A2-EAE7EA1088DD}.Debug|x64.Build.0 = Debug|Any CPU
		{976F95DA-D212-4FE9-85A2-EAE7EA1088DD}.Debug|x86.ActiveCfg = Debug|Any CPU
		{976F95DA-D212-4FE9-85A2-EAE7EA1088DD}.Debug|x86.Build.0 = Debug|Any CPU
		{976F95DA-D212-4FE9-85A2-EAE7EA1088DD}.Release|Any CPU.ActiveCfg = Release|Any CPU
		{976F95DA-D212-4FE9-85A2-EAE7EA1088DD}.Release|Any CPU.Build.0 = Release|Any CPU
		{976F95DA-D212-4FE9-85A2-EAE7EA1088DD}.Release|x64.ActiveCfg = Release|Any CPU
		{976F95DA-D212-4FE9-85A2-EAE7EA1088DD}.Release|x64.Build.0 = Release|Any CPU
		{976F95DA-D212-4FE9-85A2-EAE7EA1088DD}.Release|x86.ActiveCfg = Release|Any CPU
		{976F95DA-D212-4FE9-85A2-EAE7EA1088DD}.Release|x86.Build.0 = Release|Any CPU
		{B17513AA-F769-454E-8AF5-C686A75B6A0A}.Debug|Any CPU.ActiveCfg = Debug|Any CPU
		{B17513AA-F769-454E-8AF5-C686A75B6A0A}.Debug|Any CPU.Build.0 = Debug|Any CPU
		{B17513AA-F769-454E-8AF5-C686A75B6A0A}.Debug|x64.ActiveCfg = Debug|Any CPU
		{B17513AA-F769-454E-8AF5-C686A75B6A0A}.Debug|x64.Build.0 = Debug|Any CPU
		{B17513AA-F769-454E-8AF5-C686A75B6A0A}.Debug|x86.ActiveCfg = Debug|Any CPU
		{B17513AA-F769-454E-8AF5-C686A75B6A0A}.Debug|x86.Build.0 = Debug|Any CPU
		{B17513AA-F769-454E-8AF5-C686A75B6A0A}.Release|Any CPU.ActiveCfg = Release|Any CPU
		{B17513AA-F769-454E-8AF5-C686A75B6A0A}.Release|Any CPU.Build.0 = Release|Any CPU
		{B17513AA-F769-454E-8AF5-C686A75B6A0A}.Release|x64.ActiveCfg = Release|Any CPU
		{B17513AA-F769-454E-8AF5-C686A75B6A0A}.Release|x64.Build.0 = Release|Any CPU
		{B17513AA-F769-454E-8AF5-C686A75B6A0A}.Release|x86.ActiveCfg = Release|Any CPU
		{B17513AA-F769-454E-8AF5-C686A75B6A0A}.Release|x86.Build.0 = Release|Any CPU
		{FD7F3569-CD8D-4531-8C2E-18B2FEA67659}.Debug|Any CPU.ActiveCfg = Debug|Any CPU
		{FD7F3569-CD8D-4531-8C2E-18B2FEA67659}.Debug|Any CPU.Build.0 = Debug|Any CPU
		{FD7F3569-CD8D-4531-8C2E-18B2FEA67659}.Debug|x64.ActiveCfg = Debug|Any CPU
		{FD7F3569-CD8D-4531-8C2E-18B2FEA67659}.Debug|x64.Build.0 = Debug|Any CPU
		{FD7F3569-CD8D-4531-8C2E-18B2FEA67659}.Debug|x86.ActiveCfg = Debug|Any CPU
		{FD7F3569-CD8D-4531-8C2E-18B2FEA67659}.Debug|x86.Build.0 = Debug|Any CPU
		{FD7F3569-CD8D-4531-8C2E-18B2FEA67659}.Release|Any CPU.ActiveCfg = Release|Any CPU
		{FD7F3569-CD8D-4531-8C2E-18B2FEA67659}.Release|Any CPU.Build.0 = Release|Any CPU
		{FD7F3569-CD8D-4531-8C2E-18B2FEA67659}.Release|x64.ActiveCfg = Release|Any CPU
		{FD7F3569-CD8D-4531-8C2E-18B2FEA67659}.Release|x64.Build.0 = Release|Any CPU
		{FD7F3569-CD8D-4531-8C2E-18B2FEA67659}.Release|x86.ActiveCfg = Release|Any CPU
		{FD7F3569-CD8D-4531-8C2E-18B2FEA67659}.Release|x86.Build.0 = Release|Any CPU
	EndGlobalSection
	GlobalSection(SolutionProperties) = preSolution
		HideSolutionNode = FALSE
	EndGlobalSection
	GlobalSection(NestedProjects) = preSolution
		{52AA0E79-E700-3DC3-7E41-F5684B6B7A9A} = {827E0CD3-B72D-47B6-A68D-7590B98EB39B}
		{8F89F173-C68D-49C5-8D67-48D8E6A40316} = {52AA0E79-E700-3DC3-7E41-F5684B6B7A9A}
		{1CB3A94B-F952-9F47-5097-E203AF4D655C} = {827E0CD3-B72D-47B6-A68D-7590B98EB39B}
		{F35E907D-883A-4786-8076-4CE8E6F05A37} = {1CB3A94B-F952-9F47-5097-E203AF4D655C}
		{07B75A99-B4DF-A8B7-611E-D470368AE524} = {827E0CD3-B72D-47B6-A68D-7590B98EB39B}
		{E1427D5D-6AA1-442E-9BCA-72B0F44AF893} = {07B75A99-B4DF-A8B7-611E-D470368AE524}
		{C097066B-E62D-7EF7-9775-5207E01FEFF3} = {827E0CD3-B72D-47B6-A68D-7590B98EB39B}
		{49BA200F-4FD8-4D63-8D15-2766DE7E2192} = {C097066B-E62D-7EF7-9775-5207E01FEFF3}
		{B9153FEF-44D4-4286-A52F-18653CF63F70} = {C097066B-E62D-7EF7-9775-5207E01FEFF3}
		{4D998734-F6C2-01F4-69F7-32BAA7EB4DBF} = {827E0CD3-B72D-47B6-A68D-7590B98EB39B}
		{34E41F22-ECA0-4C7A-9E62-73D6A6778B4B} = {4D998734-F6C2-01F4-69F7-32BAA7EB4DBF}
		{41211A65-0684-4FB0-B5DD-27C680456426} = {4D998734-F6C2-01F4-69F7-32BAA7EB4DBF}
		{976F95DA-D212-4FE9-85A2-EAE7EA1088DD} = {0AB3BF05-4346-4AA6-1389-037BE0695223}
		{B17513AA-F769-454E-8AF5-C686A75B6A0A} = {0AB3BF05-4346-4AA6-1389-037BE0695223}
		{FD7F3569-CD8D-4531-8C2E-18B2FEA67659} = {0AB3BF05-4346-4AA6-1389-037BE0695223}
	EndGlobalSection
EndGlobal
